// !$*UTF8*$!
{
	archiveVersion = 1;
	classes = {
	};
	objectVersion = 56;
	objects = {

/* Begin PBXBuildFile section */
		B648090F2B338FB600246BF8 /* PracticalStuffApp.swift in Sources */ = {isa = PBXBuildFile; fileRef = B648090E2B338FB600246BF8 /* PracticalStuffApp.swift */; };
		B64809112B338FB600246BF8 /* MainView.swift in Sources */ = {isa = PBXBuildFile; fileRef = B64809102B338FB600246BF8 /* MainView.swift */; };
		B64809132B338FB800246BF8 /* Assets.xcassets in Resources */ = {isa = PBXBuildFile; fileRef = B64809122B338FB800246BF8 /* Assets.xcassets */; };
		B64809162B338FB800246BF8 /* Preview Assets.xcassets in Resources */ = {isa = PBXBuildFile; fileRef = B64809152B338FB800246BF8 /* Preview Assets.xcassets */; };
		B648091D2B338FEF00246BF8 /* HuggingViews.swift in Sources */ = {isa = PBXBuildFile; fileRef = B648091C2B338FEF00246BF8 /* HuggingViews.swift */; };
		B648091F2B3390F000246BF8 /* ExpandingViews.swift in Sources */ = {isa = PBXBuildFile; fileRef = B648091E2B3390F000246BF8 /* ExpandingViews.swift */; };
		B64809212B33957800246BF8 /* DeleteAndMoveView.swift in Sources */ = {isa = PBXBuildFile; fileRef = B64809202B33957800246BF8 /* DeleteAndMoveView.swift */; };
		B64809232B339A4C00246BF8 /* Formatting Buttons etc.swift in Sources */ = {isa = PBXBuildFile; fileRef = B64809222B339A4C00246BF8 /* Formatting Buttons etc.swift */; };
		B64809252B3455F600246BF8 /* AppState Internet Connectivity.swift in Sources */ = {isa = PBXBuildFile; fileRef = B64809242B3455F600246BF8 /* AppState Internet Connectivity.swift */; };
		B64809272B34565800246BF8 /* Warnings and Comments.swift in Sources */ = {isa = PBXBuildFile; fileRef = B64809262B34565800246BF8 /* Warnings and Comments.swift */; };
		B64809292B345E0700246BF8 /* FokusStateView.swift in Sources */ = {isa = PBXBuildFile; fileRef = B64809282B345E0700246BF8 /* FokusStateView.swift */; };
		B648092B2B34603000246BF8 /* NightAndDay.swift in Sources */ = {isa = PBXBuildFile; fileRef = B648092A2B34603000246BF8 /* NightAndDay.swift */; };
		B6AC745C2B4F229200C4796A /* OnlineDemoView.swift in Sources */ = {isa = PBXBuildFile; fileRef = B6AC745B2B4F229200C4796A /* OnlineDemoView.swift */; };
/* End PBXBuildFile section */

/* Begin PBXFileReference section */
		B648090B2B338FB600246BF8 /* PracticalStuff.app */ = {isa = PBXFileReference; explicitFileType = wrapper.application; includeInIndex = 0; path = PracticalStuff.app; sourceTree = BUILT_PRODUCTS_DIR; };
		B648090E2B338FB600246BF8 /* PracticalStuffApp.swift */ = {isa = PBXFileReference; lastKnownFileType = sourcecode.swift; path = PracticalStuffApp.swift; sourceTree = "<group>"; };
		B64809102B338FB600246BF8 /* MainView.swift */ = {isa = PBXFileReference; lastKnownFileType = sourcecode.swift; path = MainView.swift; sourceTree = "<group>"; };
		B64809122B338FB800246BF8 /* Assets.xcassets */ = {isa = PBXFileReference; lastKnownFileType = folder.assetcatalog; path = Assets.xcassets; sourceTree = "<group>"; };
		B64809152B338FB800246BF8 /* Preview Assets.xcassets */ = {isa = PBXFileReference; lastKnownFileType = folder.assetcatalog; path = "Preview Assets.xcassets"; sourceTree = "<group>"; };
		B648091C2B338FEF00246BF8 /* HuggingViews.swift */ = {isa = PBXFileReference; lastKnownFileType = sourcecode.swift; path = HuggingViews.swift; sourceTree = "<group>"; };
		B648091E2B3390F000246BF8 /* ExpandingViews.swift */ = {isa = PBXFileReference; lastKnownFileType = sourcecode.swift; path = ExpandingViews.swift; sourceTree = "<group>"; };
		B64809202B33957800246BF8 /* DeleteAndMoveView.swift */ = {isa = PBXFileReference; lastKnownFileType = sourcecode.swift; path = DeleteAndMoveView.swift; sourceTree = "<group>"; };
		B64809222B339A4C00246BF8 /* Formatting Buttons etc.swift */ = {isa = PBXFileReference; lastKnownFileType = sourcecode.swift; path = "Formatting Buttons etc.swift"; sourceTree = "<group>"; };
		B64809242B3455F600246BF8 /* AppState Internet Connectivity.swift */ = {isa = PBXFileReference; lastKnownFileType = sourcecode.swift; path = "AppState Internet Connectivity.swift"; sourceTree = "<group>"; };
		B64809262B34565800246BF8 /* Warnings and Comments.swift */ = {isa = PBXFileReference; lastKnownFileType = sourcecode.swift; path = "Warnings and Comments.swift"; sourceTree = "<group>"; };
		B64809282B345E0700246BF8 /* FokusStateView.swift */ = {isa = PBXFileReference; lastKnownFileType = sourcecode.swift; path = FokusStateView.swift; sourceTree = "<group>"; };
		B648092A2B34603000246BF8 /* NightAndDay.swift */ = {isa = PBXFileReference; lastKnownFileType = sourcecode.swift; path = NightAndDay.swift; sourceTree = "<group>"; };
		B6AC745B2B4F229200C4796A /* OnlineDemoView.swift */ = {isa = PBXFileReference; lastKnownFileType = sourcecode.swift; path = OnlineDemoView.swift; sourceTree = "<group>"; };
/* End PBXFileReference section */

/* Begin PBXFrameworksBuildPhase section */
		B64809082B338FB600246BF8 /* Frameworks */ = {
			isa = PBXFrameworksBuildPhase;
			buildActionMask = 2147483647;
			files = (
			);
			runOnlyForDeploymentPostprocessing = 0;
		};
/* End PBXFrameworksBuildPhase section */

/* Begin PBXGroup section */
		B64809022B338FB600246BF8 = {
			isa = PBXGroup;
			children = (
				B648090D2B338FB600246BF8 /* PracticalStuff */,
				B648090C2B338FB600246BF8 /* Products */,
			);
			sourceTree = "<group>";
		};
		B648090C2B338FB600246BF8 /* Products */ = {
			isa = PBXGroup;
			children = (
				B648090B2B338FB600246BF8 /* PracticalStuff.app */,
			);
			name = Products;
			sourceTree = "<group>";
		};
		B648090D2B338FB600246BF8 /* PracticalStuff */ = {
			isa = PBXGroup;
			children = (
				B648090E2B338FB600246BF8 /* PracticalStuffApp.swift */,
				B64809102B338FB600246BF8 /* MainView.swift */,
				B648091C2B338FEF00246BF8 /* HuggingViews.swift */,
				B648091E2B3390F000246BF8 /* ExpandingViews.swift */,
				B64809202B33957800246BF8 /* DeleteAndMoveView.swift */,
				B64809222B339A4C00246BF8 /* Formatting Buttons etc.swift */,
				B64809242B3455F600246BF8 /* AppState Internet Connectivity.swift */,
				B6AC745B2B4F229200C4796A /* OnlineDemoView.swift */,
				B64809282B345E0700246BF8 /* FokusStateView.swift */,
				B64809262B34565800246BF8 /* Warnings and Comments.swift */,
				B648092A2B34603000246BF8 /* NightAndDay.swift */,
				B64809122B338FB800246BF8 /* Assets.xcassets */,
				B64809142B338FB800246BF8 /* Preview Content */,
			);
			path = PracticalStuff;
			sourceTree = "<group>";
		};
		B64809142B338FB800246BF8 /* Preview Content */ = {
			isa = PBXGroup;
			children = (
				B64809152B338FB800246BF8 /* Preview Assets.xcassets */,
			);
			path = "Preview Content";
			sourceTree = "<group>";
		};
/* End PBXGroup section */

/* Begin PBXNativeTarget section */
		B648090A2B338FB600246BF8 /* PracticalStuff */ = {
			isa = PBXNativeTarget;
			buildConfigurationList = B64809192B338FB800246BF8 /* Build configuration list for PBXNativeTarget "PracticalStuff" */;
			buildPhases = (
				B64809072B338FB600246BF8 /* Sources */,
				B64809082B338FB600246BF8 /* Frameworks */,
				B64809092B338FB600246BF8 /* Resources */,
			);
			buildRules = (
			);
			dependencies = (
			);
			name = PracticalStuff;
			productName = HuggingAndExpanding;
			productReference = B648090B2B338FB600246BF8 /* PracticalStuff.app */;
			productType = "com.apple.product-type.application";
		};
/* End PBXNativeTarget section */

/* Begin PBXProject section */
		B64809032B338FB600246BF8 /* Project object */ = {
			isa = PBXProject;
			attributes = {
				BuildIndependentTargetsInParallel = 1;
				LastSwiftUpdateCheck = 1500;
				LastUpgradeCheck = 1500;
				TargetAttributes = {
					B648090A2B338FB600246BF8 = {
						CreatedOnToolsVersion = 15.0.1;
					};
				};
			};
			buildConfigurationList = B64809062B338FB600246BF8 /* Build configuration list for PBXProject "PracticalStuff" */;
			compatibilityVersion = "Xcode 14.0";
			developmentRegion = en;
			hasScannedForEncodings = 0;
			knownRegions = (
				en,
				Base,
			);
			mainGroup = B64809022B338FB600246BF8;
			productRefGroup = B648090C2B338FB600246BF8 /* Products */;
			projectDirPath = "";
			projectRoot = "";
			targets = (
				B648090A2B338FB600246BF8 /* PracticalStuff */,
			);
		};
/* End PBXProject section */

/* Begin PBXResourcesBuildPhase section */
		B64809092B338FB600246BF8 /* Resources */ = {
			isa = PBXResourcesBuildPhase;
			buildActionMask = 2147483647;
			files = (
				B64809162B338FB800246BF8 /* Preview Assets.xcassets in Resources */,
				B64809132B338FB800246BF8 /* Assets.xcassets in Resources */,
			);
			runOnlyForDeploymentPostprocessing = 0;
		};
/* End PBXResourcesBuildPhase section */

/* Begin PBXSourcesBuildPhase section */
		B64809072B338FB600246BF8 /* Sources */ = {
			isa = PBXSourcesBuildPhase;
			buildActionMask = 2147483647;
			files = (
				B648091D2B338FEF00246BF8 /* HuggingViews.swift in Sources */,
				B64809212B33957800246BF8 /* DeleteAndMoveView.swift in Sources */,
				B64809252B3455F600246BF8 /* AppState Internet Connectivity.swift in Sources */,
				B64809112B338FB600246BF8 /* MainView.swift in Sources */,
				B648090F2B338FB600246BF8 /* PracticalStuffApp.swift in Sources */,
				B6AC745C2B4F229200C4796A /* OnlineDemoView.swift in Sources */,
				B64809272B34565800246BF8 /* Warnings and Comments.swift in Sources */,
				B64809232B339A4C00246BF8 /* Formatting Buttons etc.swift in Sources */,
				B648091F2B3390F000246BF8 /* ExpandingViews.swift in Sources */,
				B64809292B345E0700246BF8 /* FokusStateView.swift in Sources */,
				B648092B2B34603000246BF8 /* NightAndDay.swift in Sources */,
			);
			runOnlyForDeploymentPostprocessing = 0;
		};
/* End PBXSourcesBuildPhase section */

/* Begin XCBuildConfiguration section */
		B64809172B338FB800246BF8 /* Debug */ = {
			isa = XCBuildConfiguration;
			buildSettings = {
				ALWAYS_SEARCH_USER_PATHS = NO;
				ASSETCATALOG_COMPILER_GENERATE_SWIFT_ASSET_SYMBOL_EXTENSIONS = YES;
				CLANG_ANALYZER_NONNULL = YES;
				CLANG_ANALYZER_NUMBER_OBJECT_CONVERSION = YES_AGGRESSIVE;
				CLANG_CXX_LANGUAGE_STANDARD = "gnu++20";
				CLANG_ENABLE_MODULES = YES;
				CLANG_ENABLE_OBJC_ARC = YES;
				CLANG_ENABLE_OBJC_WEAK = YES;
				CLANG_WARN_BLOCK_CAPTURE_AUTORELEASING = YES;
				CLANG_WARN_BOOL_CONVERSION = YES;
				CLANG_WARN_COMMA = YES;
				CLANG_WARN_CONSTANT_CONVERSION = YES;
				CLANG_WARN_DEPRECATED_OBJC_IMPLEMENTATIONS = YES;
				CLANG_WARN_DIRECT_OBJC_ISA_USAGE = YES_ERROR;
				CLANG_WARN_DOCUMENTATION_COMMENTS = YES;
				CLANG_WARN_EMPTY_BODY = YES;
				CLANG_WARN_ENUM_CONVERSION = YES;
				CLANG_WARN_INFINITE_RECURSION = YES;
				CLANG_WARN_INT_CONVERSION = YES;
				CLANG_WARN_NON_LITERAL_NULL_CONVERSION = YES;
				CLANG_WARN_OBJC_IMPLICIT_RETAIN_SELF = YES;
				CLANG_WARN_OBJC_LITERAL_CONVERSION = YES;
				CLANG_WARN_OBJC_ROOT_CLASS = YES_ERROR;
				CLANG_WARN_QUOTED_INCLUDE_IN_FRAMEWORK_HEADER = YES;
				CLANG_WARN_RANGE_LOOP_ANALYSIS = YES;
				CLANG_WARN_STRICT_PROTOTYPES = YES;
				CLANG_WARN_SUSPICIOUS_MOVE = YES;
				CLANG_WARN_UNGUARDED_AVAILABILITY = YES_AGGRESSIVE;
				CLANG_WARN_UNREACHABLE_CODE = YES;
				CLANG_WARN__DUPLICATE_METHOD_MATCH = YES;
				COPY_PHASE_STRIP = NO;
				DEBUG_INFORMATION_FORMAT = dwarf;
				ENABLE_STRICT_OBJC_MSGSEND = YES;
				ENABLE_TESTABILITY = YES;
				ENABLE_USER_SCRIPT_SANDBOXING = YES;
				GCC_C_LANGUAGE_STANDARD = gnu17;
				GCC_DYNAMIC_NO_PIC = NO;
				GCC_NO_COMMON_BLOCKS = YES;
				GCC_OPTIMIZATION_LEVEL = 0;
				GCC_PREPROCESSOR_DEFINITIONS = (
					"DEBUG=1",
					"$(inherited)",
				);
				GCC_WARN_64_TO_32_BIT_CONVERSION = YES;
				GCC_WARN_ABOUT_RETURN_TYPE = YES_ERROR;
				GCC_WARN_UNDECLARED_SELECTOR = YES;
				GCC_WARN_UNINITIALIZED_AUTOS = YES_AGGRESSIVE;
				GCC_WARN_UNUSED_FUNCTION = YES;
				GCC_WARN_UNUSED_VARIABLE = YES;
				IPHONEOS_DEPLOYMENT_TARGET = 17.0;
				LOCALIZATION_PREFERS_STRING_CATALOGS = YES;
				MTL_ENABLE_DEBUG_INFO = INCLUDE_SOURCE;
				MTL_FAST_MATH = YES;
				ONLY_ACTIVE_ARCH = YES;
				SDKROOT = iphoneos;
				SWIFT_ACTIVE_COMPILATION_CONDITIONS = "DEBUG $(inherited)";
				SWIFT_OPTIMIZATION_LEVEL = "-Onone";
			};
			name = Debug;
		};
		B64809182B338FB800246BF8 /* Release */ = {
			isa = XCBuildConfiguration;
			buildSettings = {
				ALWAYS_SEARCH_USER_PATHS = NO;
				ASSETCATALOG_COMPILER_GENERATE_SWIFT_ASSET_SYMBOL_EXTENSIONS = YES;
				CLANG_ANALYZER_NONNULL = YES;
				CLANG_ANALYZER_NUMBER_OBJECT_CONVERSION = YES_AGGRESSIVE;
				CLANG_CXX_LANGUAGE_STANDARD = "gnu++20";
				CLANG_ENABLE_MODULES = YES;
				CLANG_ENABLE_OBJC_ARC = YES;
				CLANG_ENABLE_OBJC_WEAK = YES;
				CLANG_WARN_BLOCK_CAPTURE_AUTORELEASING = YES;
				CLANG_WARN_BOOL_CONVERSION = YES;
				CLANG_WARN_COMMA = YES;
				CLANG_WARN_CONSTANT_CONVERSION = YES;
				CLANG_WARN_DEPRECATED_OBJC_IMPLEMENTATIONS = YES;
				CLANG_WARN_DIRECT_OBJC_ISA_USAGE = YES_ERROR;
				CLANG_WARN_DOCUMENTATION_COMMENTS = YES;
				CLANG_WARN_EMPTY_BODY = YES;
				CLANG_WARN_ENUM_CONVERSION = YES;
				CLANG_WARN_INFINITE_RECURSION = YES;
				CLANG_WARN_INT_CONVERSION = YES;
				CLANG_WARN_NON_LITERAL_NULL_CONVERSION = YES;
				CLANG_WARN_OBJC_IMPLICIT_RETAIN_SELF = YES;
				CLANG_WARN_OBJC_LITERAL_CONVERSION = YES;
				CLANG_WARN_OBJC_ROOT_CLASS = YES_ERROR;
				CLANG_WARN_QUOTED_INCLUDE_IN_FRAMEWORK_HEADER = YES;
				CLANG_WARN_RANGE_LOOP_ANALYSIS = YES;
				CLANG_WARN_STRICT_PROTOTYPES = YES;
				CLANG_WARN_SUSPICIOUS_MOVE = YES;
				CLANG_WARN_UNGUARDED_AVAILABILITY = YES_AGGRESSIVE;
				CLANG_WARN_UNREACHABLE_CODE = YES;
				CLANG_WARN__DUPLICATE_METHOD_MATCH = YES;
				COPY_PHASE_STRIP = NO;
				DEBUG_INFORMATION_FORMAT = "dwarf-with-dsym";
				ENABLE_NS_ASSERTIONS = NO;
				ENABLE_STRICT_OBJC_MSGSEND = YES;
				ENABLE_USER_SCRIPT_SANDBOXING = YES;
				GCC_C_LANGUAGE_STANDARD = gnu17;
				GCC_NO_COMMON_BLOCKS = YES;
				GCC_WARN_64_TO_32_BIT_CONVERSION = YES;
				GCC_WARN_ABOUT_RETURN_TYPE = YES_ERROR;
				GCC_WARN_UNDECLARED_SELECTOR = YES;
				GCC_WARN_UNINITIALIZED_AUTOS = YES_AGGRESSIVE;
				GCC_WARN_UNUSED_FUNCTION = YES;
				GCC_WARN_UNUSED_VARIABLE = YES;
				IPHONEOS_DEPLOYMENT_TARGET = 17.0;
				LOCALIZATION_PREFERS_STRING_CATALOGS = YES;
				MTL_ENABLE_DEBUG_INFO = NO;
				MTL_FAST_MATH = YES;
				SDKROOT = iphoneos;
				SWIFT_COMPILATION_MODE = wholemodule;
				VALIDATE_PRODUCT = YES;
			};
			name = Release;
		};
		B648091A2B338FB800246BF8 /* Debug */ = {
			isa = XCBuildConfiguration;
			buildSettings = {
				ASSETCATALOG_COMPILER_APPICON_NAME = AppIcon;
				ASSETCATALOG_COMPILER_GLOBAL_ACCENT_COLOR_NAME = AccentColor;
				CODE_SIGN_STYLE = Automatic;
				CURRENT_PROJECT_VERSION = 1;
				DEVELOPMENT_ASSET_PATHS = "\"PracticalStuff/Preview Content\"";
				DEVELOPMENT_TEAM = KT43342F9W;
				ENABLE_PREVIEWS = YES;
				GENERATE_INFOPLIST_FILE = YES;
				INFOPLIST_KEY_UIApplicationSceneManifest_Generation = YES;
				INFOPLIST_KEY_UIApplicationSupportsIndirectInputEvents = YES;
				INFOPLIST_KEY_UILaunchScreen_Generation = YES;
				INFOPLIST_KEY_UISupportedInterfaceOrientations_iPad = "UIInterfaceOrientationPortrait UIInterfaceOrientationPortraitUpsideDown UIInterfaceOrientationLandscapeLeft UIInterfaceOrientationLandscapeRight";
				INFOPLIST_KEY_UISupportedInterfaceOrientations_iPhone = "UIInterfaceOrientationPortrait UIInterfaceOrientationLandscapeLeft UIInterfaceOrientationLandscapeRight";
				LD_RUNPATH_SEARCH_PATHS = (
					"$(inherited)",
					"@executable_path/Frameworks",
				);
				MARKETING_VERSION = 1.0;
				PRODUCT_BUNDLE_IDENTIFIER = de.IBMobile.PracticalStuff;
				PRODUCT_NAME = "$(TARGET_NAME)";
				SWIFT_EMIT_LOC_STRINGS = YES;
				SWIFT_VERSION = 5.0;
				TARGETED_DEVICE_FAMILY = "1,2";
			};
			name = Debug;
		};
		B648091B2B338FB800246BF8 /* Release */ = {
			isa = XCBuildConfiguration;
			buildSettings = {
				ASSETCATALOG_COMPILER_APPICON_NAME = AppIcon;
				ASSETCATALOG_COMPILER_GLOBAL_ACCENT_COLOR_NAME = AccentColor;
				CODE_SIGN_STYLE = Automatic;
				CURRENT_PROJECT_VERSION = 1;
				DEVELOPMENT_ASSET_PATHS = "\"PracticalStuff/Preview Content\"";
				DEVELOPMENT_TEAM = KT43342F9W;
				ENABLE_PREVIEWS = YES;
				GENERATE_INFOPLIST_FILE = YES;
				INFOPLIST_KEY_UIApplicationSceneManifest_Generation = YES;
				INFOPLIST_KEY_UIApplicationSupportsIndirectInputEvents = YES;
				INFOPLIST_KEY_UILaunchScreen_Generation = YES;
				INFOPLIST_KEY_UISupportedInterfaceOrientations_iPad = "UIInterfaceOrientationPortrait UIInterfaceOrientationPortraitUpsideDown UIInterfaceOrientationLandscapeLeft UIInterfaceOrientationLandscapeRight";
				INFOPLIST_KEY_UISupportedInterfaceOrientations_iPhone = "UIInterfaceOrientationPortrait UIInterfaceOrientationLandscapeLeft UIInterfaceOrientationLandscapeRight";
				LD_RUNPATH_SEARCH_PATHS = (
					"$(inherited)",
					"@executable_path/Frameworks",
				);
				MARKETING_VERSION = 1.0;
				PRODUCT_BUNDLE_IDENTIFIER = de.IBMobile.PracticalStuff;
				PRODUCT_NAME = "$(TARGET_NAME)";
				SWIFT_EMIT_LOC_STRINGS = YES;
				SWIFT_VERSION = 5.0;
				TARGETED_DEVICE_FAMILY = "1,2";
			};
			name = Release;
		};
/* End XCBuildConfiguration section */

/* Begin XCConfigurationList section */
		B64809062B338FB600246BF8 /* Build configuration list for PBXProject "PracticalStuff" */ = {
			isa = XCConfigurationList;
			buildConfigurations = (
				B64809172B338FB800246BF8 /* Debug */,
				B64809182B338FB800246BF8 /* Release */,
			);
			defaultConfigurationIsVisible = 0;
			defaultConfigurationName = Release;
		};
		B64809192B338FB800246BF8 /* Build configuration list for PBXNativeTarget "PracticalStuff" */ = {
			isa = XCConfigurationList;
			buildConfigurations = (
				B648091A2B338FB800246BF8 /* Debug */,
				B648091B2B338FB800246BF8 /* Release */,
			);
			defaultConfigurationIsVisible = 0;
			defaultConfigurationName = Release;
		};
/* End XCConfigurationList section */
	};
	rootObject = B64809032B338FB600246BF8 /* Project object */;
}
